// !$*UTF8*$!
{
	archiveVersion = 1;
	classes = {
	};
	objectVersion = 46;
	objects = {

/* Begin PBXBuildFile section */
		76ECACDC1F19B75900843F74 /* AppDelegate.swift in Sources */ = {isa = PBXBuildFile; fileRef = 76ECACDB1F19B75900843F74 /* AppDelegate.swift */; };
		76ECACE11F19B75900843F74 /* Main.storyboard in Resources */ = {isa = PBXBuildFile; fileRef = 76ECACDF1F19B75900843F74 /* Main.storyboard */; };
		76ECACE41F19B75900843F74 /* ColorsTableView.xcdatamodeld in Sources */ = {isa = PBXBuildFile; fileRef = 76ECACE21F19B75900843F74 /* ColorsTableView.xcdatamodeld */; };
		76ECACE61F19B75900843F74 /* Assets.xcassets in Resources */ = {isa = PBXBuildFile; fileRef = 76ECACE51F19B75900843F74 /* Assets.xcassets */; };
		76ECACE91F19B75900843F74 /* LaunchScreen.storyboard in Resources */ = {isa = PBXBuildFile; fileRef = 76ECACE71F19B75900843F74 /* LaunchScreen.storyboard */; };
		76ECACF41F19B75900843F74 /* ColorsTableViewTests.swift in Sources */ = {isa = PBXBuildFile; fileRef = 76ECACF31F19B75900843F74 /* ColorsTableViewTests.swift */; };
		76ECACFF1F19B75900843F74 /* ColorsTableViewUITests.swift in Sources */ = {isa = PBXBuildFile; fileRef = 76ECACFE1F19B75900843F74 /* ColorsTableViewUITests.swift */; };
		76ECAD0D1F19B7D600843F74 /* ColorTable.swift in Sources */ = {isa = PBXBuildFile; fileRef = 76ECAD0C1F19B7D600843F74 /* ColorTable.swift */; };
/* End PBXBuildFile section */

/* Begin PBXContainerItemProxy section */
		76ECACF01F19B75900843F74 /* PBXContainerItemProxy */ = {
			isa = PBXContainerItemProxy;
			containerPortal = 76ECACD01F19B75900843F74 /* Project object */;
			proxyType = 1;
			remoteGlobalIDString = 76ECACD71F19B75900843F74;
			remoteInfo = ColorsTableView;
		};
		76ECACFB1F19B75900843F74 /* PBXContainerItemProxy */ = {
			isa = PBXContainerItemProxy;
			containerPortal = 76ECACD01F19B75900843F74 /* Project object */;
			proxyType = 1;
			remoteGlobalIDString = 76ECACD71F19B75900843F74;
			remoteInfo = ColorsTableView;
		};
/* End PBXContainerItemProxy section */

/* Begin PBXFileReference section */
		76ECACD81F19B75900843F74 /* ColorsTableView.app */ = {isa = PBXFileReference; explicitFileType = wrapper.application; includeInIndex = 0; path = ColorsTableView.app; sourceTree = BUILT_PRODUCTS_DIR; };
		76ECACDB1F19B75900843F74 /* AppDelegate.swift */ = {isa = PBXFileReference; lastKnownFileType = sourcecode.swift; path = AppDelegate.swift; sourceTree = "<group>"; };
		76ECACE01F19B75900843F74 /* Base */ = {isa = PBXFileReference; lastKnownFileType = file.storyboard; name = Base; path = Base.lproj/Main.storyboard; sourceTree = "<group>"; };
		76ECACE31F19B75900843F74 /* ColorsTableView.xcdatamodel */ = {isa = PBXFileReference; lastKnownFileType = wrapper.xcdatamodel; path = ColorsTableView.xcdatamodel; sourceTree = "<group>"; };
		76ECACE51F19B75900843F74 /* Assets.xcassets */ = {isa = PBXFileReference; lastKnownFileType = folder.assetcatalog; path = Assets.xcassets; sourceTree = "<group>"; };
		76ECACE81F19B75900843F74 /* Base */ = {isa = PBXFileReference; lastKnownFileType = file.storyboard; name = Base; path = Base.lproj/LaunchScreen.storyboard; sourceTree = "<group>"; };
		76ECACEA1F19B75900843F74 /* Info.plist */ = {isa = PBXFileReference; lastKnownFileType = text.plist.xml; path = Info.plist; sourceTree = "<group>"; };
		76ECACEF1F19B75900843F74 /* ColorsTableViewTests.xctest */ = {isa = PBXFileReference; explicitFileType = wrapper.cfbundle; includeInIndex = 0; path = ColorsTableViewTests.xctest; sourceTree = BUILT_PRODUCTS_DIR; };
		76ECACF31F19B75900843F74 /* ColorsTableViewTests.swift */ = {isa = PBXFileReference; lastKnownFileType = sourcecode.swift; path = ColorsTableViewTests.swift; sourceTree = "<group>"; };
		76ECACF51F19B75900843F74 /* Info.plist */ = {isa = PBXFileReference; lastKnownFileType = text.plist.xml; path = Info.plist; sourceTree = "<group>"; };
		76ECACFA1F19B75900843F74 /* ColorsTableViewUITests.xctest */ = {isa = PBXFileReference; explicitFileType = wrapper.cfbundle; includeInIndex = 0; path = ColorsTableViewUITests.xctest; sourceTree = BUILT_PRODUCTS_DIR; };
		76ECACFE1F19B75900843F74 /* ColorsTableViewUITests.swift */ = {isa = PBXFileReference; lastKnownFileType = sourcecode.swift; path = ColorsTableViewUITests.swift; sourceTree = "<group>"; };
		76ECAD001F19B75900843F74 /* Info.plist */ = {isa = PBXFileReference; lastKnownFileType = text.plist.xml; path = Info.plist; sourceTree = "<group>"; };
		76ECAD0C1F19B7D600843F74 /* ColorTable.swift */ = {isa = PBXFileReference; fileEncoding = 4; lastKnownFileType = sourcecode.swift; path = ColorTable.swift; sourceTree = "<group>"; };
/* End PBXFileReference section */

/* Begin PBXFrameworksBuildPhase section */
		76ECACD51F19B75900843F74 /* Frameworks */ = {
			isa = PBXFrameworksBuildPhase;
			buildActionMask = 2147483647;
			files = (
			);
			runOnlyForDeploymentPostprocessing = 0;
		};
		76ECACEC1F19B75900843F74 /* Frameworks */ = {
			isa = PBXFrameworksBuildPhase;
			buildActionMask = 2147483647;
			files = (
			);
			runOnlyForDeploymentPostprocessing = 0;
		};
		76ECACF71F19B75900843F74 /* Frameworks */ = {
			isa = PBXFrameworksBuildPhase;
			buildActionMask = 2147483647;
			files = (
			);
			runOnlyForDeploymentPostprocessing = 0;
		};
/* End PBXFrameworksBuildPhase section */

/* Begin PBXGroup section */
		76ECACCF1F19B75900843F74 = {
			isa = PBXGroup;
			children = (
				76ECACDA1F19B75900843F74 /* ColorsTableView */,
				76ECACF21F19B75900843F74 /* ColorsTableViewTests */,
				76ECACFD1F19B75900843F74 /* ColorsTableViewUITests */,
				76ECACD91F19B75900843F74 /* Products */,
			);
			sourceTree = "<group>";
		};
		76ECACD91F19B75900843F74 /* Products */ = {
			isa = PBXGroup;
			children = (
				76ECACD81F19B75900843F74 /* ColorsTableView.app */,
				76ECACEF1F19B75900843F74 /* ColorsTableViewTests.xctest */,
				76ECACFA1F19B75900843F74 /* ColorsTableViewUITests.xctest */,
			);
			name = Products;
			sourceTree = "<group>";
		};
		76ECACDA1F19B75900843F74 /* ColorsTableView */ = {
			isa = PBXGroup;
			children = (
				76ECACDB1F19B75900843F74 /* AppDelegate.swift */,
				76ECACDF1F19B75900843F74 /* Main.storyboard */,
				76ECACE51F19B75900843F74 /* Assets.xcassets */,
				76ECACE71F19B75900843F74 /* LaunchScreen.storyboard */,
				76ECACEA1F19B75900843F74 /* Info.plist */,
				76ECACE21F19B75900843F74 /* ColorsTableView.xcdatamodeld */,
				76ECAD0C1F19B7D600843F74 /* ColorTable.swift */,
			);
			path = ColorsTableView;
			sourceTree = "<group>";
		};
		76ECACF21F19B75900843F74 /* ColorsTableViewTests */ = {
			isa = PBXGroup;
			children = (
				76ECACF31F19B75900843F74 /* ColorsTableViewTests.swift */,
				76ECACF51F19B75900843F74 /* Info.plist */,
			);
			path = ColorsTableViewTests;
			sourceTree = "<group>";
		};
		76ECACFD1F19B75900843F74 /* ColorsTableViewUITests */ = {
			isa = PBXGroup;
			children = (
				76ECACFE1F19B75900843F74 /* ColorsTableViewUITests.swift */,
				76ECAD001F19B75900843F74 /* Info.plist */,
			);
			path = ColorsTableViewUITests;
			sourceTree = "<group>";
		};
/* End PBXGroup section */

/* Begin PBXNativeTarget section */
		76ECACD71F19B75900843F74 /* ColorsTableView */ = {
			isa = PBXNativeTarget;
			buildConfigurationList = 76ECAD031F19B75900843F74 /* Build configuration list for PBXNativeTarget "ColorsTableView" */;
			buildPhases = (
				76ECACD41F19B75900843F74 /* Sources */,
				76ECACD51F19B75900843F74 /* Frameworks */,
				76ECACD61F19B75900843F74 /* Resources */,
			);
			buildRules = (
			);
			dependencies = (
			);
			name = ColorsTableView;
			productName = ColorsTableView;
			productReference = 76ECACD81F19B75900843F74 /* ColorsTableView.app */;
			productType = "com.apple.product-type.application";
		};
		76ECACEE1F19B75900843F74 /* ColorsTableViewTests */ = {
			isa = PBXNativeTarget;
			buildConfigurationList = 76ECAD061F19B75900843F74 /* Build configuration list for PBXNativeTarget "ColorsTableViewTests" */;
			buildPhases = (
				76ECACEB1F19B75900843F74 /* Sources */,
				76ECACEC1F19B75900843F74 /* Frameworks */,
				76ECACED1F19B75900843F74 /* Resources */,
			);
			buildRules = (
			);
			dependencies = (
				76ECACF11F19B75900843F74 /* PBXTargetDependency */,
			);
			name = ColorsTableViewTests;
			productName = ColorsTableViewTests;
			productReference = 76ECACEF1F19B75900843F74 /* ColorsTableViewTests.xctest */;
			productType = "com.apple.product-type.bundle.unit-test";
		};
		76ECACF91F19B75900843F74 /* ColorsTableViewUITests */ = {
			isa = PBXNativeTarget;
			buildConfigurationList = 76ECAD091F19B75900843F74 /* Build configuration list for PBXNativeTarget "ColorsTableViewUITests" */;
			buildPhases = (
				76ECACF61F19B75900843F74 /* Sources */,
				76ECACF71F19B75900843F74 /* Frameworks */,
				76ECACF81F19B75900843F74 /* Resources */,
			);
			buildRules = (
			);
			dependencies = (
				76ECACFC1F19B75900843F74 /* PBXTargetDependency */,
			);
			name = ColorsTableViewUITests;
			productName = ColorsTableViewUITests;
			productReference = 76ECACFA1F19B75900843F74 /* ColorsTableViewUITests.xctest */;
			productType = "com.apple.product-type.bundle.ui-testing";
		};
/* End PBXNativeTarget section */

/* Begin PBXProject section */
		76ECACD01F19B75900843F74 /* Project object */ = {
			isa = PBXProject;
			attributes = {
				LastSwiftUpdateCheck = 0830;
				LastUpgradeCheck = 0830;
				ORGANIZATIONNAME = "Alex Testin";
				TargetAttributes = {
					76ECACD71F19B75900843F74 = {
						CreatedOnToolsVersion = 8.3.3;
						ProvisioningStyle = Automatic;
					};
					76ECACEE1F19B75900843F74 = {
						CreatedOnToolsVersion = 8.3.3;
						ProvisioningStyle = Automatic;
						TestTargetID = 76ECACD71F19B75900843F74;
					};
					76ECACF91F19B75900843F74 = {
						CreatedOnToolsVersion = 8.3.3;
						ProvisioningStyle = Automatic;
						TestTargetID = 76ECACD71F19B75900843F74;
					};
				};
			};
			buildConfigurationList = 76ECACD31F19B75900843F74 /* Build configuration list for PBXProject "ColorsTableView" */;
			compatibilityVersion = "Xcode 3.2";
			developmentRegion = English;
			hasScannedForEncodings = 0;
			knownRegions = (
				en,
				Base,
			);
			mainGroup = 76ECACCF1F19B75900843F74;
			productRefGroup = 76ECACD91F19B75900843F74 /* Products */;
			projectDirPath = "";
			projectRoot = "";
			targets = (
				76ECACD71F19B75900843F74 /* ColorsTableView */,
				76ECACEE1F19B75900843F74 /* ColorsTableViewTests */,
				76ECACF91F19B75900843F74 /* ColorsTableViewUITests */,
			);
		};
/* End PBXProject section */

/* Begin PBXResourcesBuildPhase section */
		76ECACD61F19B75900843F74 /* Resources */ = {
			isa = PBXResourcesBuildPhase;
			buildActionMask = 2147483647;
			files = (
				76ECACE91F19B75900843F74 /* LaunchScreen.storyboard in Resources */,
				76ECACE61F19B75900843F74 /* Assets.xcassets in Resources */,
				76ECACE11F19B75900843F74 /* Main.storyboard in Resources */,
			);
			runOnlyForDeploymentPostprocessing = 0;
		};
		76ECACED1F19B75900843F74 /* Resources */ = {
			isa = PBXResourcesBuildPhase;
			buildActionMask = 2147483647;
			files = (
			);
			runOnlyForDeploymentPostprocessing = 0;
		};
		76ECACF81F19B75900843F74 /* Resources */ = {
			isa = PBXResourcesBuildPhase;
			buildActionMask = 2147483647;
			files = (
			);
			runOnlyForDeploymentPostprocessing = 0;
		};
/* End PBXResourcesBuildPhase section */

/* Begin PBXSourcesBuildPhase section */
		76ECACD41F19B75900843F74 /* Sources */ = {
			isa = PBXSourcesBuildPhase;
			buildActionMask = 2147483647;
			files = (
				76ECACDC1F19B75900843F74 /* AppDelegate.swift in Sources */,
				76ECAD0D1F19B7D600843F74 /* ColorTable.swift in Sources */,
				76ECACE41F19B75900843F74 /* ColorsTableView.xcdatamodeld in Sources */,
			);
			runOnlyForDeploymentPostprocessing = 0;
		};
		76ECACEB1F19B75900843F74 /* Sources */ = {
			isa = PBXSourcesBuildPhase;
			buildActionMask = 2147483647;
			files = (
				76ECACF41F19B75900843F74 /* ColorsTableViewTests.swift in Sources */,
			);
			runOnlyForDeploymentPostprocessing = 0;
		};
		76ECACF61F19B75900843F74 /* Sources */ = {
			isa = PBXSourcesBuildPhase;
			buildActionMask = 2147483647;
			files = (
				76ECACFF1F19B75900843F74 /* ColorsTableViewUITests.swift in Sources */,
			);
			runOnlyForDeploymentPostprocessing = 0;
		};
/* End PBXSourcesBuildPhase section */

/* Begin PBXTargetDependency section */
		76ECACF11F19B75900843F74 /* PBXTargetDependency */ = {
			isa = PBXTargetDependency;
			target = 76ECACD71F19B75900843F74 /* ColorsTableView */;
			targetProxy = 76ECACF01F19B75900843F74 /* PBXContainerItemProxy */;
		};
		76ECACFC1F19B75900843F74 /* PBXTargetDependency */ = {
			isa = PBXTargetDependency;
			target = 76ECACD71F19B75900843F74 /* ColorsTableView */;
			targetProxy = 76ECACFB1F19B75900843F74 /* PBXContainerItemProxy */;
		};
/* End PBXTargetDependency section */

/* Begin PBXVariantGroup section */
		76ECACDF1F19B75900843F74 /* Main.storyboard */ = {
			isa = PBXVariantGroup;
			children = (
				76ECACE01F19B75900843F74 /* Base */,
			);
			name = Main.storyboard;
			sourceTree = "<group>";
		};
		76ECACE71F19B75900843F74 /* LaunchScreen.storyboard */ = {
			isa = PBXVariantGroup;
			children = (
				76ECACE81F19B75900843F74 /* Base */,
			);
			name = LaunchScreen.storyboard;
			sourceTree = "<group>";
		};
/* End PBXVariantGroup section */

/* Begin XCBuildConfiguration section */
		76ECAD011F19B75900843F74 /* Debug */ = {
			isa = XCBuildConfiguration;
			buildSettings = {
				ALWAYS_SEARCH_USER_PATHS = NO;
				CLANG_ANALYZER_NONNULL = YES;
				CLANG_ANALYZER_NUMBER_OBJECT_CONVERSION = YES_AGGRESSIVE;
				CLANG_CXX_LANGUAGE_STANDARD = "gnu++0x";
				CLANG_CXX_LIBRARY = "libc++";
				CLANG_ENABLE_MODULES = YES;
				CLANG_ENABLE_OBJC_ARC = YES;
				CLANG_WARN_BOOL_CONVERSION = YES;
				CLANG_WARN_CONSTANT_CONVERSION = YES;
				CLANG_WARN_DIRECT_OBJC_ISA_USAGE = YES_ERROR;
				CLANG_WARN_DOCUMENTATION_COMMENTS = YES;
				CLANG_WARN_EMPTY_BODY = YES;
				CLANG_WARN_ENUM_CONVERSION = YES;
				CLANG_WARN_INFINITE_RECURSION = YES;
				CLANG_WARN_INT_CONVERSION = YES;
				CLANG_WARN_OBJC_ROOT_CLASS = YES_ERROR;
				CLANG_WARN_SUSPICIOUS_MOVE = YES;
				CLANG_WARN_UNREACHABLE_CODE = YES;
				CLANG_WARN__DUPLICATE_METHOD_MATCH = YES;
				"CODE_SIGN_IDENTITY[sdk=iphoneos*]" = "iPhone Developer";
				COPY_PHASE_STRIP = NO;
				DEBUG_INFORMATION_FORMAT = dwarf;
				ENABLE_STRICT_OBJC_MSGSEND = YES;
				ENABLE_TESTABILITY = YES;
				GCC_C_LANGUAGE_STANDARD = gnu99;
				GCC_DYNAMIC_NO_PIC = NO;
				GCC_NO_COMMON_BLOCKS = YES;
				GCC_OPTIMIZATION_LEVEL = 0;
				GCC_PREPROCESSOR_DEFINITIONS = (
					"DEBUG=1",
					"$(inherited)",
				);
				GCC_WARN_64_TO_32_BIT_CONVERSION = YES;
				GCC_WARN_ABOUT_RETURN_TYPE = YES_ERROR;
				GCC_WARN_UNDECLARED_SELECTOR = YES;
				GCC_WARN_UNINITIALIZED_AUTOS = YES_AGGRESSIVE;
				GCC_WARN_UNUSED_FUNCTION = YES;
				GCC_WARN_UNUSED_VARIABLE = YES;
				IPHONEOS_DEPLOYMENT_TARGET = 10.3;
				MTL_ENABLE_DEBUG_INFO = YES;
				ONLY_ACTIVE_ARCH = YES;
				SDKROOT = iphoneos;
				SWIFT_ACTIVE_COMPILATION_CONDITIONS = DEBUG;
				SWIFT_OPTIMIZATION_LEVEL = "-Onone";
				TARGETED_DEVICE_FAMILY = "1,2";
			};
			name = Debug;
		};
		76ECAD021F19B75900843F74 /* Release */ = {
			isa = XCBuildConfiguration;
			buildSettings = {
				ALWAYS_SEARCH_USER_PATHS = NO;
				CLANG_ANALYZER_NONNULL = YES;
				CLANG_ANALYZER_NUMBER_OBJECT_CONVERSION = YES_AGGRESSIVE;
				CLANG_CXX_LANGUAGE_STANDARD = "gnu++0x";
				CLANG_CXX_LIBRARY = "libc++";
				CLANG_ENABLE_MODULES = YES;
				CLANG_ENABLE_OBJC_ARC = YES;
				CLANG_WARN_BOOL_CONVERSION = YES;
				CLANG_WARN_CONSTANT_CONVERSION = YES;
				CLANG_WARN_DIRECT_OBJC_ISA_USAGE = YES_ERROR;
				CLANG_WARN_DOCUMENTATION_COMMENTS = YES;
				CLANG_WARN_EMPTY_BODY = YES;
				CLANG_WARN_ENUM_CONVERSION = YES;
				CLANG_WARN_INFINITE_RECURSION = YES;
				CLANG_WARN_INT_CONVERSION = YES;
				CLANG_WARN_OBJC_ROOT_CLASS = YES_ERROR;
				CLANG_WARN_SUSPICIOUS_MOVE = YES;
				CLANG_WARN_UNREACHABLE_CODE = YES;
				CLANG_WARN__DUPLICATE_METHOD_MATCH = YES;
				"CODE_SIGN_IDENTITY[sdk=iphoneos*]" = "iPhone Developer";
				COPY_PHASE_STRIP = NO;
				DEBUG_INFORMATION_FORMAT = "dwarf-with-dsym";
				ENABLE_NS_ASSERTIONS = NO;
				ENABLE_STRICT_OBJC_MSGSEND = YES;
				GCC_C_LANGUAGE_STANDARD = gnu99;
				GCC_NO_COMMON_BLOCKS = YES;
				GCC_WARN_64_TO_32_BIT_CONVERSION = YES;
				GCC_WARN_ABOUT_RETURN_TYPE = YES_ERROR;
				GCC_WARN_UNDECLARED_SELECTOR = YES;
				GCC_WARN_UNINITIALIZED_AUTOS = YES_AGGRESSIVE;
				GCC_WARN_UNUSED_FUNCTION = YES;
				GCC_WARN_UNUSED_VARIABLE = YES;
				IPHONEOS_DEPLOYMENT_TARGET = 10.3;
				MTL_ENABLE_DEBUG_INFO = NO;
				SDKROOT = iphoneos;
				SWIFT_OPTIMIZATION_LEVEL = "-Owholemodule";
				TARGETED_DEVICE_FAMILY = "1,2";
				VALIDATE_PRODUCT = YES;
			};
			name = Release;
		};
		76ECAD041F19B75900843F74 /* Debug */ = {
			isa = XCBuildConfiguration;
			buildSettings = {
				ASSETCATALOG_COMPILER_APPICON_NAME = AppIcon;
				INFOPLIST_FILE = ColorsTableView/Info.plist;
				LD_RUNPATH_SEARCH_PATHS = "$(inherited) @executable_path/Frameworks";
				PRODUCT_BUNDLE_IDENTIFIER = edu.missouri.ColorsTableView;
				PRODUCT_NAME = "$(TARGET_NAME)";
				SWIFT_VERSION = 3.0;
			};
			name = Debug;
		};
		76ECAD051F19B75900843F74 /* Release */ = {
			isa = XCBuildConfiguration;
			buildSettings = {
				ASSETCATALOG_COMPILER_APPICON_NAME = AppIcon;
				INFOPLIST_FILE = ColorsTableView/Info.plist;
				LD_RUNPATH_SEARCH_PATHS = "$(inherited) @executable_path/Frameworks";
				PRODUCT_BUNDLE_IDENTIFIER = edu.missouri.ColorsTableView;
				PRODUCT_NAME = "$(TARGET_NAME)";
				SWIFT_VERSION = 3.0;
			};
			name = Release;
		};
		76ECAD071F19B75900843F74 /* Debug */ = {
			isa = XCBuildConfiguration;
			buildSettings = {
				ALWAYS_EMBED_SWIFT_STANDARD_LIBRARIES = YES;
				BUNDLE_LOADER = "$(TEST_HOST)";
				INFOPLIST_FILE = ColorsTableViewTests/Info.plist;
				LD_RUNPATH_SEARCH_PATHS = "$(inherited) @executable_path/Frameworks @loader_path/Frameworks";
				PRODUCT_BUNDLE_IDENTIFIER = edu.missouri.ColorsTableViewTests;
				PRODUCT_NAME = "$(TARGET_NAME)";
				SWIFT_VERSION = 3.0;
				TEST_HOST = "$(BUILT_PRODUCTS_DIR)/ColorsTableView.app/ColorsTableView";
			};
			name = Debug;
		};
		76ECAD081F19B75900843F74 /* Release */ = {
			isa = XCBuildConfiguration;
			buildSettings = {
				ALWAYS_EMBED_SWIFT_STANDARD_LIBRARIES = YES;
				BUNDLE_LOADER = "$(TEST_HOST)";
				INFOPLIST_FILE = ColorsTableViewTests/Info.plist;
				LD_RUNPATH_SEARCH_PATHS = "$(inherited) @executable_path/Frameworks @loader_path/Frameworks";
				PRODUCT_BUNDLE_IDENTIFIER = edu.missouri.ColorsTableViewTests;
				PRODUCT_NAME = "$(TARGET_NAME)";
				SWIFT_VERSION = 3.0;
				TEST_HOST = "$(BUILT_PRODUCTS_DIR)/ColorsTableView.app/ColorsTableView";
			};
			name = Release;
		};
		76ECAD0A1F19B75900843F74 /* Debug */ = {
			isa = XCBuildConfiguration;
			buildSettings = {
				ALWAYS_EMBED_SWIFT_STANDARD_LIBRARIES = YES;
				INFOPLIST_FILE = ColorsTableViewUITests/Info.plist;
				LD_RUNPATH_SEARCH_PATHS = "$(inherited) @executable_path/Frameworks @loader_path/Frameworks";
				PRODUCT_BUNDLE_IDENTIFIER = edu.missouri.ColorsTableViewUITests;
				PRODUCT_NAME = "$(TARGET_NAME)";
				SWIFT_VERSION = 3.0;
				TEST_TARGET_NAME = ColorsTableView;
			};
			name = Debug;
		};
		76ECAD0B1F19B75900843F74 /* Release */ = {
			isa = XCBuildConfiguration;
			buildSettings = {
				ALWAYS_EMBED_SWIFT_STANDARD_LIBRARIES = YES;
				INFOPLIST_FILE = ColorsTableViewUITests/Info.plist;
				LD_RUNPATH_SEARCH_PATHS = "$(inherited) @executable_path/Frameworks @loader_path/Frameworks";
				PRODUCT_BUNDLE_IDENTIFIER = edu.missouri.ColorsTableViewUITests;
				PRODUCT_NAME = "$(TARGET_NAME)";
				SWIFT_VERSION = 3.0;
				TEST_TARGET_NAME = ColorsTableView;
			};
			name = Release;
		};
/* End XCBuildConfiguration section */

/* Begin XCConfigurationList section */
		76ECACD31F19B75900843F74 /* Build configuration list for PBXProject "ColorsTableView" */ = {
			isa = XCConfigurationList;
			buildConfigurations = (
				76ECAD011F19B75900843F74 /* Debug */,
				76ECAD021F19B75900843F74 /* Release */,
			);
			defaultConfigurationIsVisible = 0;
			defaultConfigurationName = Release;
		};
		76ECAD031F19B75900843F74 /* Build configuration list for PBXNativeTarget "ColorsTableView" */ = {
			isa = XCConfigurationList;
			buildConfigurations = (
				76ECAD041F19B75900843F74 /* Debug */,
				76ECAD051F19B75900843F74 /* Release */,
			);
			defaultConfigurationIsVisible = 0;
		};
		76ECAD061F19B75900843F74 /* Build configuration list for PBXNativeTarget "ColorsTableViewTests" */ = {
			isa = XCConfigurationList;
			buildConfigurations = (
				76ECAD071F19B75900843F74 /* Debug */,
				76ECAD081F19B75900843F74 /* Release */,
			);
			defaultConfigurationIsVisible = 0;
		};
		76ECAD091F19B75900843F74 /* Build configuration list for PBXNativeTarget "ColorsTableViewUITests" */ = {
			isa = XCConfigurationList;
			buildConfigurations = (
				76ECAD0A1F19B75900843F74 /* Debug */,
				76ECAD0B1F19B75900843F74 /* Release */,
			);
			defaultConfigurationIsVisible = 0;
		};
/* End XCConfigurationList section */

/* Begin XCVersionGroup section */
		76ECACE21F19B75900843F74 /* ColorsTableView.xcdatamodeld */ = {
			isa = XCVersionGroup;
			children = (
				76ECACE31F19B75900843F74 /* ColorsTableView.xcdatamodel */,
			);
			currentVersion = 76ECACE31F19B75900843F74 /* ColorsTableView.xcdatamodel */;
			path = ColorsTableView.xcdatamodeld;
			sourceTree = "<group>";
			versionGroupType = wrapper.xcdatamodel;
		};
/* End XCVersionGroup section */
	};
	rootObject = 76ECACD01F19B75900843F74 /* Project object */;
}
